
Microsoft Visual Studio Solution File, Format Version 12.00
# Visual Studio 15
VisualStudioVersion = 15.0.27004.2009
MinimumVisualStudioVersion = 10.0.40219.1
Project("{FAE04EC0-301F-11D3-BF4B-00C04F79EFBC}") = "DDAC_Flight_System", "DDAC_Flight_System\DDAC_Flight_System.csproj", "{EC8AD6AD-5247-4B42-BD74-9BE604761971}"
EndProject
Global
	GlobalSection(SolutionConfigurationPlatforms) = preSolution
		Debug|Any CPU = Debug|Any CPU
		Release|Any CPU = Release|Any CPU
	EndGlobalSection
	GlobalSection(ProjectConfigurationPlatforms) = postSolution
		{EC8AD6AD-5247-4B42-BD74-9BE604761971}.Debug|Any CPU.ActiveCfg = Debug|Any CPU
		{EC8AD6AD-5247-4B42-BD74-9BE604761971}.Debug|Any CPU.Build.0 = Debug|Any CPU
		{EC8AD6AD-5247-4B42-BD74-9BE604761971}.Release|Any CPU.ActiveCfg = Release|Any CPU
		{EC8AD6AD-5247-4B42-BD74-9BE604761971}.Release|Any CPU.Build.0 = Release|Any CPU
	EndGlobalSection
	GlobalSection(SolutionProperties) = preSolution
		HideSolutionNode = FALSE
	EndGlobalSection
	GlobalSection(ExtensibilityGlobals) = postSolution
		SolutionGuid = {189AB1AB-04FB-4AFF-BFB4-6768A64FC44F}
	EndGlobalSection
EndGlobal
